{
  "requires": true,
  "lockfileVersion": 1,
  "dependencies": {
    "written-number": {
      "version": "0.9.1",
      "resolved": "https://registry.npmjs.org/written-number/-/written-number-0.9.1.tgz",
      "integrity": "sha512-tl2EquIdCYnEeGu3p71GRsEJSqnD15CXjVtR6Hl0AFO0PrQ+SATIe3Sf4phaaKwLIuGRzWmA4+sThjJCZqwK1A=="
    }
  }
}
